github.com/OpenFluke/PARAGON v0.0.0-20250318075622-ec0af70af341 h1:vrOcX0zu55B7q1ZOf9XNjrfknZcY/cdPMepdvHXHNMg=
github.com/OpenFluke/PARAGON v0.0.0-20250318075622-ec0af70af341/go.mod h1:IFGHj9iNgvZN1LMbJkRropzz6cnTqb/DN94iB7GqR6Y=
github.com/OpenFluke/PARAGON v0.0.0-20250412035249-d301ceaa46fb h1:TFUK0iAebFaZTm+W48dFSHSFa1wMer8mneFOL/HH+sw=
github.com/OpenFluke/PARAGON v0.0.0-20250412035249-d301ceaa46fb/go.mod h1:IFGHj9iNgvZN1LMbJkRropzz6cnTqb/DN94iB7GqR6Y=
